
Microsoft Visual Studio Solution File, Format Version 12.00
# Visual Studio Version 17
VisualStudioVersion = 17.14.36811.4 d17.14
MinimumVisualStudioVersion = 10.0.40219.1
Project("{8BC9CEB8-8B4A-11D0-8D11-00A0C91BC942}") = "Project125", "Project125.vcxproj", "{585C5E87-54E1-4F97-B077-849FEF81096C}"
EndProject
Global
	GlobalSection(SolutionConfigurationPlatforms) = preSolution
		Debug|x64 = Debug|x64
		Debug|x86 = Debug|x86
		Release|x64 = Release|x64
		Release|x86 = Release|x86
	EndGlobalSection
	GlobalSection(ProjectConfigurationPlatforms) = postSolution
		{585C5E87-54E1-4F97-B077-849FEF81096C}.Debug|x64.ActiveCfg = Debug|x64
		{585C5E87-54E1-4F97-B077-849FEF81096C}.Debug|x64.Build.0 = Debug|x64
		{585C5E87-54E1-4F97-B077-849FEF81096C}.Debug|x86.ActiveCfg = Debug|Win32
		{585C5E87-54E1-4F97-B077-849FEF81096C}.Debug|x86.Build.0 = Debug|Win32
		{585C5E87-54E1-4F97-B077-849FEF81096C}.Release|x64.ActiveCfg = Release|x64
		{585C5E87-54E1-4F97-B077-849FEF81096C}.Release|x64.Build.0 = Release|x64
		{585C5E87-54E1-4F97-B077-849FEF81096C}.Release|x86.ActiveCfg = Release|Win32
		{585C5E87-54E1-4F97-B077-849FEF81096C}.Release|x86.Build.0 = Release|Win32
	EndGlobalSection
	GlobalSection(SolutionProperties) = preSolution
		HideSolutionNode = FALSE
	EndGlobalSection
	GlobalSection(ExtensibilityGlobals) = postSolution
		SolutionGuid = {4F3F49C4-88CA-4C08-A6B2-FA20019475D9}
	EndGlobalSection
EndGlobal
